// !$*UTF8*$!
{
	archiveVersion = 1;
	classes = {
	};
	objectVersion = 46;
	objects = {

/* Begin PBXBuildFile section */
		AF9A355D16F01ECD00087761 /* UIKit.framework in Frameworks */ = {isa = PBXBuildFile; fileRef = AF9A355C16F01ECD00087761 /* UIKit.framework */; };
		AF9A355F16F01ECD00087761 /* Foundation.framework in Frameworks */ = {isa = PBXBuildFile; fileRef = AF9A355E16F01ECD00087761 /* Foundation.framework */; };
		AF9A356116F01ECD00087761 /* CoreGraphics.framework in Frameworks */ = {isa = PBXBuildFile; fileRef = AF9A356016F01ECD00087761 /* CoreGraphics.framework */; };
		AF9A356716F01ECD00087761 /* InfoPlist.strings in Resources */ = {isa = PBXBuildFile; fileRef = AF9A356516F01ECD00087761 /* InfoPlist.strings */; };
		AF9A356916F01ECD00087761 /* main.m in Sources */ = {isa = PBXBuildFile; fileRef = AF9A356816F01ECD00087761 /* main.m */; };
		AF9A356D16F01ECD00087761 /* AppDelegate.m in Sources */ = {isa = PBXBuildFile; fileRef = AF9A356C16F01ECD00087761 /* AppDelegate.m */; };
		AF9A356F16F01ECD00087761 /* Default.png in Resources */ = {isa = PBXBuildFile; fileRef = AF9A356E16F01ECD00087761 /* Default.png */; };
		AF9A357116F01ECD00087761 /* Default@2x.png in Resources */ = {isa = PBXBuildFile; fileRef = AF9A357016F01ECD00087761 /* Default@2x.png */; };
		AF9A357316F01ECD00087761 /* Default-568h@2x.png in Resources */ = {isa = PBXBuildFile; fileRef = AF9A357216F01ECD00087761 /* Default-568h@2x.png */; };
		AF9A357B16F01ECD00087761 /* SenTestingKit.framework in Frameworks */ = {isa = PBXBuildFile; fileRef = AF9A357A16F01ECD00087761 /* SenTestingKit.framework */; };
		AF9A357C16F01ECD00087761 /* UIKit.framework in Frameworks */ = {isa = PBXBuildFile; fileRef = AF9A355C16F01ECD00087761 /* UIKit.framework */; };
		AF9A357D16F01ECD00087761 /* Foundation.framework in Frameworks */ = {isa = PBXBuildFile; fileRef = AF9A355E16F01ECD00087761 /* Foundation.framework */; };
		AF9A358516F01ECD00087761 /* InfoPlist.strings in Resources */ = {isa = PBXBuildFile; fileRef = AF9A358316F01ECD00087761 /* InfoPlist.strings */; };
		AF9A358816F01ECD00087761 /* KT_Group_Local_iOSTests.m in Sources */ = {isa = PBXBuildFile; fileRef = AF9A358716F01ECD00087761 /* KT_Group_Local_iOSTests.m */; };
		AF9A35A216F049D000087761 /* HHTabListCell.m in Sources */ = {isa = PBXBuildFile; fileRef = AF9A359516F049D000087761 /* HHTabListCell.m */; };
		AF9A35A316F049D000087761 /* HHTabListContainerView.m in Sources */ = {isa = PBXBuildFile; fileRef = AF9A359716F049D000087761 /* HHTabListContainerView.m */; };
		AF9A35A416F049D000087761 /* HHTabListController.m in Sources */ = {isa = PBXBuildFile; fileRef = AF9A359916F049D000087761 /* HHTabListController.m */; };
		AF9A35A516F049D000087761 /* HHTabListTabsView.m in Sources */ = {isa = PBXBuildFile; fileRef = AF9A359B16F049D000087761 /* HHTabListTabsView.m */; };
		AF9A35A616F049D000087761 /* list-landscape.png in Resources */ = {isa = PBXBuildFile; fileRef = AF9A359C16F049D000087761 /* list-landscape.png */; };
		AF9A35A716F049D000087761 /* list-landscape@2x.png in Resources */ = {isa = PBXBuildFile; fileRef = AF9A359D16F049D000087761 /* list-landscape@2x.png */; };
		AF9A35A816F049D000087761 /* list.png in Resources */ = {isa = PBXBuildFile; fileRef = AF9A359E16F049D000087761 /* list.png */; };
		AF9A35A916F049D000087761 /* list.psd in Resources */ = {isa = PBXBuildFile; fileRef = AF9A359F16F049D000087761 /* list.psd */; };
		AF9A35AA16F049D000087761 /* list@2x.png in Resources */ = {isa = PBXBuildFile; fileRef = AF9A35A016F049D000087761 /* list@2x.png */; };
		AF9A35AB16F049D000087761 /* list@2x.psd in Resources */ = {isa = PBXBuildFile; fileRef = AF9A35A116F049D000087761 /* list@2x.psd */; };
		AF9A35AE16F04A3600087761 /* ViewController.m in Sources */ = {isa = PBXBuildFile; fileRef = AF9A35AD16F04A3600087761 /* ViewController.m */; };
		AF9A35B116F04BCF00087761 /* ViewController.xib in Resources */ = {isa = PBXBuildFile; fileRef = AF9A35AF16F04BCF00087761 /* ViewController.xib */; };
/* End PBXBuildFile section */

/* Begin PBXContainerItemProxy section */
		AF9A357E16F01ECD00087761 /* PBXContainerItemProxy */ = {
			isa = PBXContainerItemProxy;
			containerPortal = AF9A355116F01ECD00087761 /* Project object */;
			proxyType = 1;
			remoteGlobalIDString = AF9A355816F01ECD00087761;
			remoteInfo = "KT-Group-Local-iOS";
		};
/* End PBXContainerItemProxy section */

/* Begin PBXFileReference section */
		AF9A355916F01ECD00087761 /* KT-Group-Local-iOS.app */ = {isa = PBXFileReference; explicitFileType = wrapper.application; includeInIndex = 0; path = "KT-Group-Local-iOS.app"; sourceTree = BUILT_PRODUCTS_DIR; };
		AF9A355C16F01ECD00087761 /* UIKit.framework */ = {isa = PBXFileReference; lastKnownFileType = wrapper.framework; name = UIKit.framework; path = System/Library/Frameworks/UIKit.framework; sourceTree = SDKROOT; };
		AF9A355E16F01ECD00087761 /* Foundation.framework */ = {isa = PBXFileReference; lastKnownFileType = wrapper.framework; name = Foundation.framework; path = System/Library/Frameworks/Foundation.framework; sourceTree = SDKROOT; };
		AF9A356016F01ECD00087761 /* CoreGraphics.framework */ = {isa = PBXFileReference; lastKnownFileType = wrapper.framework; name = CoreGraphics.framework; path = System/Library/Frameworks/CoreGraphics.framework; sourceTree = SDKROOT; };
		AF9A356416F01ECD00087761 /* KT-Group-Local-iOS-Info.plist */ = {isa = PBXFileReference; lastKnownFileType = text.plist.xml; path = "KT-Group-Local-iOS-Info.plist"; sourceTree = "<group>"; };
		AF9A356616F01ECD00087761 /* en */ = {isa = PBXFileReference; lastKnownFileType = text.plist.strings; name = en; path = en.lproj/InfoPlist.strings; sourceTree = "<group>"; };
		AF9A356816F01ECD00087761 /* main.m */ = {isa = PBXFileReference; lastKnownFileType = sourcecode.c.objc; path = main.m; sourceTree = "<group>"; };
		AF9A356A16F01ECD00087761 /* KT-Group-Local-iOS-Prefix.pch */ = {isa = PBXFileReference; lastKnownFileType = sourcecode.c.h; path = "KT-Group-Local-iOS-Prefix.pch"; sourceTree = "<group>"; };
		AF9A356B16F01ECD00087761 /* AppDelegate.h */ = {isa = PBXFileReference; lastKnownFileType = sourcecode.c.h; path = AppDelegate.h; sourceTree = "<group>"; };
		AF9A356C16F01ECD00087761 /* AppDelegate.m */ = {isa = PBXFileReference; lastKnownFileType = sourcecode.c.objc; path = AppDelegate.m; sourceTree = "<group>"; };
		AF9A356E16F01ECD00087761 /* Default.png */ = {isa = PBXFileReference; lastKnownFileType = image.png; path = Default.png; sourceTree = "<group>"; };
		AF9A357016F01ECD00087761 /* Default@2x.png */ = {isa = PBXFileReference; lastKnownFileType = image.png; path = "Default@2x.png"; sourceTree = "<group>"; };
		AF9A357216F01ECD00087761 /* Default-568h@2x.png */ = {isa = PBXFileReference; lastKnownFileType = image.png; path = "Default-568h@2x.png"; sourceTree = "<group>"; };
		AF9A357916F01ECD00087761 /* KT-Group-Local-iOSTests.octest */ = {isa = PBXFileReference; explicitFileType = wrapper.cfbundle; includeInIndex = 0; path = "KT-Group-Local-iOSTests.octest"; sourceTree = BUILT_PRODUCTS_DIR; };
		AF9A357A16F01ECD00087761 /* SenTestingKit.framework */ = {isa = PBXFileReference; lastKnownFileType = wrapper.framework; name = SenTestingKit.framework; path = Library/Frameworks/SenTestingKit.framework; sourceTree = DEVELOPER_DIR; };
		AF9A358216F01ECD00087761 /* KT-Group-Local-iOSTests-Info.plist */ = {isa = PBXFileReference; lastKnownFileType = text.plist.xml; path = "KT-Group-Local-iOSTests-Info.plist"; sourceTree = "<group>"; };
		AF9A358416F01ECD00087761 /* en */ = {isa = PBXFileReference; lastKnownFileType = text.plist.strings; name = en; path = en.lproj/InfoPlist.strings; sourceTree = "<group>"; };
		AF9A358616F01ECD00087761 /* KT_Group_Local_iOSTests.h */ = {isa = PBXFileReference; lastKnownFileType = sourcecode.c.h; path = KT_Group_Local_iOSTests.h; sourceTree = "<group>"; };
		AF9A358716F01ECD00087761 /* KT_Group_Local_iOSTests.m */ = {isa = PBXFileReference; lastKnownFileType = sourcecode.c.objc; path = KT_Group_Local_iOSTests.m; sourceTree = "<group>"; };
		AF9A359316F049D000087761 /* HHTabList.h */ = {isa = PBXFileReference; fileEncoding = 4; lastKnownFileType = sourcecode.c.h; name = HHTabList.h; path = Library/HHTabList/HHTabList.h; sourceTree = SOURCE_ROOT; };
		AF9A359416F049D000087761 /* HHTabListCell.h */ = {isa = PBXFileReference; fileEncoding = 4; lastKnownFileType = sourcecode.c.h; name = HHTabListCell.h; path = Library/HHTabList/HHTabListCell.h; sourceTree = SOURCE_ROOT; };
		AF9A359516F049D000087761 /* HHTabListCell.m */ = {isa = PBXFileReference; fileEncoding = 4; lastKnownFileType = sourcecode.c.objc; name = HHTabListCell.m; path = Library/HHTabList/HHTabListCell.m; sourceTree = SOURCE_ROOT; };
		AF9A359616F049D000087761 /* HHTabListContainerView.h */ = {isa = PBXFileReference; fileEncoding = 4; lastKnownFileType = sourcecode.c.h; name = HHTabListContainerView.h; path = Library/HHTabList/HHTabListContainerView.h; sourceTree = SOURCE_ROOT; };
		AF9A359716F049D000087761 /* HHTabListContainerView.m */ = {isa = PBXFileReference; fileEncoding = 4; lastKnownFileType = sourcecode.c.objc; name = HHTabListContainerView.m; path = Library/HHTabList/HHTabListContainerView.m; sourceTree = SOURCE_ROOT; };
		AF9A359816F049D000087761 /* HHTabListController.h */ = {isa = PBXFileReference; fileEncoding = 4; lastKnownFileType = sourcecode.c.h; name = HHTabListController.h; path = Library/HHTabList/HHTabListController.h; sourceTree = SOURCE_ROOT; };
		AF9A359916F049D000087761 /* HHTabListController.m */ = {isa = PBXFileReference; fileEncoding = 4; lastKnownFileType = sourcecode.c.objc; name = HHTabListController.m; path = Library/HHTabList/HHTabListController.m; sourceTree = SOURCE_ROOT; };
		AF9A359A16F049D000087761 /* HHTabListTabsView.h */ = {isa = PBXFileReference; fileEncoding = 4; lastKnownFileType = sourcecode.c.h; name = HHTabListTabsView.h; path = Library/HHTabList/HHTabListTabsView.h; sourceTree = SOURCE_ROOT; };
		AF9A359B16F049D000087761 /* HHTabListTabsView.m */ = {isa = PBXFileReference; fileEncoding = 4; lastKnownFileType = sourcecode.c.objc; name = HHTabListTabsView.m; path = Library/HHTabList/HHTabListTabsView.m; sourceTree = SOURCE_ROOT; };
		AF9A359C16F049D000087761 /* list-landscape.png */ = {isa = PBXFileReference; lastKnownFileType = image.png; name = "list-landscape.png"; path = "Library/HHTabList/list-landscape.png"; sourceTree = SOURCE_ROOT; };
		AF9A359D16F049D000087761 /* list-landscape@2x.png */ = {isa = PBXFileReference; lastKnownFileType = image.png; name = "list-landscape@2x.png"; path = "Library/HHTabList/list-landscape@2x.png"; sourceTree = SOURCE_ROOT; };
		AF9A359E16F049D000087761 /* list.png */ = {isa = PBXFileReference; lastKnownFileType = image.png; name = list.png; path = Library/HHTabList/list.png; sourceTree = SOURCE_ROOT; };
		AF9A359F16F049D000087761 /* list.psd */ = {isa = PBXFileReference; lastKnownFileType = file; name = list.psd; path = Library/HHTabList/list.psd; sourceTree = SOURCE_ROOT; };
		AF9A35A016F049D000087761 /* list@2x.png */ = {isa = PBXFileReference; lastKnownFileType = image.png; name = "list@2x.png"; path = "Library/HHTabList/list@2x.png"; sourceTree = SOURCE_ROOT; };
		AF9A35A116F049D000087761 /* list@2x.psd */ = {isa = PBXFileReference; lastKnownFileType = file; name = "list@2x.psd"; path = "Library/HHTabList/list@2x.psd"; sourceTree = SOURCE_ROOT; };
		AF9A35AC16F04A3600087761 /* ViewController.h */ = {isa = PBXFileReference; fileEncoding = 4; lastKnownFileType = sourcecode.c.h; path = ViewController.h; sourceTree = "<group>"; };
		AF9A35AD16F04A3600087761 /* ViewController.m */ = {isa = PBXFileReference; fileEncoding = 4; lastKnownFileType = sourcecode.c.objc; path = ViewController.m; sourceTree = "<group>"; };
		AF9A35B016F04BCF00087761 /* en */ = {isa = PBXFileReference; lastKnownFileType = file.xib; name = en; path = en.lproj/ViewController.xib; sourceTree = "<group>"; };
/* End PBXFileReference section */

/* Begin PBXFrameworksBuildPhase section */
		AF9A355616F01ECD00087761 /* Frameworks */ = {
			isa = PBXFrameworksBuildPhase;
			buildActionMask = 2147483647;
			files = (
				AF9A355D16F01ECD00087761 /* UIKit.framework in Frameworks */,
				AF9A355F16F01ECD00087761 /* Foundation.framework in Frameworks */,
				AF9A356116F01ECD00087761 /* CoreGraphics.framework in Frameworks */,
			);
			runOnlyForDeploymentPostprocessing = 0;
		};
		AF9A357516F01ECD00087761 /* Frameworks */ = {
			isa = PBXFrameworksBuildPhase;
			buildActionMask = 2147483647;
			files = (
				AF9A357B16F01ECD00087761 /* SenTestingKit.framework in Frameworks */,
				AF9A357C16F01ECD00087761 /* UIKit.framework in Frameworks */,
				AF9A357D16F01ECD00087761 /* Foundation.framework in Frameworks */,
			);
			runOnlyForDeploymentPostprocessing = 0;
		};
/* End PBXFrameworksBuildPhase section */

/* Begin PBXGroup section */
		AF9A355016F01ECD00087761 = {
			isa = PBXGroup;
			children = (
				AF9A356216F01ECD00087761 /* KT-Group-Local-iOS */,
				AF9A358016F01ECD00087761 /* KT-Group-Local-iOSTests */,
				AF9A359116F049B800087761 /* Library */,
				AF9A355B16F01ECD00087761 /* Frameworks */,
				AF9A355A16F01ECD00087761 /* Products */,
			);
			sourceTree = "<group>";
		};
		AF9A355A16F01ECD00087761 /* Products */ = {
			isa = PBXGroup;
			children = (
				AF9A355916F01ECD00087761 /* KT-Group-Local-iOS.app */,
				AF9A357916F01ECD00087761 /* KT-Group-Local-iOSTests.octest */,
			);
			name = Products;
			sourceTree = "<group>";
		};
		AF9A355B16F01ECD00087761 /* Frameworks */ = {
			isa = PBXGroup;
			children = (
				AF9A355C16F01ECD00087761 /* UIKit.framework */,
				AF9A355E16F01ECD00087761 /* Foundation.framework */,
				AF9A356016F01ECD00087761 /* CoreGraphics.framework */,
				AF9A357A16F01ECD00087761 /* SenTestingKit.framework */,
			);
			name = Frameworks;
			sourceTree = "<group>";
		};
		AF9A356216F01ECD00087761 /* KT-Group-Local-iOS */ = {
			isa = PBXGroup;
			children = (
				AF9A35B216F04BDA00087761 /* ViewController */,
				AF9A356B16F01ECD00087761 /* AppDelegate.h */,
				AF9A356C16F01ECD00087761 /* AppDelegate.m */,
				AF9A356316F01ECD00087761 /* Supporting Files */,
			);
			path = "KT-Group-Local-iOS";
			sourceTree = "<group>";
		};
		AF9A356316F01ECD00087761 /* Supporting Files */ = {
			isa = PBXGroup;
			children = (
				AF9A356416F01ECD00087761 /* KT-Group-Local-iOS-Info.plist */,
				AF9A356516F01ECD00087761 /* InfoPlist.strings */,
				AF9A356816F01ECD00087761 /* main.m */,
				AF9A356A16F01ECD00087761 /* KT-Group-Local-iOS-Prefix.pch */,
				AF9A356E16F01ECD00087761 /* Default.png */,
				AF9A357016F01ECD00087761 /* Default@2x.png */,
				AF9A357216F01ECD00087761 /* Default-568h@2x.png */,
			);
			name = "Supporting Files";
			sourceTree = "<group>";
		};
		AF9A358016F01ECD00087761 /* KT-Group-Local-iOSTests */ = {
			isa = PBXGroup;
			children = (
				AF9A358616F01ECD00087761 /* KT_Group_Local_iOSTests.h */,
				AF9A358716F01ECD00087761 /* KT_Group_Local_iOSTests.m */,
				AF9A358116F01ECD00087761 /* Supporting Files */,
			);
			path = "KT-Group-Local-iOSTests";
			sourceTree = "<group>";
		};
		AF9A358116F01ECD00087761 /* Supporting Files */ = {
			isa = PBXGroup;
			children = (
				AF9A358216F01ECD00087761 /* KT-Group-Local-iOSTests-Info.plist */,
				AF9A358316F01ECD00087761 /* InfoPlist.strings */,
			);
			name = "Supporting Files";
			sourceTree = "<group>";
		};
		AF9A359116F049B800087761 /* Library */ = {
			isa = PBXGroup;
			children = (
				AF9A359216F049C500087761 /* HHTabList */,
			);
			name = Library;
			path = "KT-Group-Local-iOS";
			sourceTree = "<group>";
		};
		AF9A359216F049C500087761 /* HHTabList */ = {
			isa = PBXGroup;
			children = (
				AF9A359316F049D000087761 /* HHTabList.h */,
				AF9A359416F049D000087761 /* HHTabListCell.h */,
				AF9A359516F049D000087761 /* HHTabListCell.m */,
				AF9A359616F049D000087761 /* HHTabListContainerView.h */,
				AF9A359716F049D000087761 /* HHTabListContainerView.m */,
				AF9A359816F049D000087761 /* HHTabListController.h */,
				AF9A359916F049D000087761 /* HHTabListController.m */,
				AF9A359A16F049D000087761 /* HHTabListTabsView.h */,
				AF9A359B16F049D000087761 /* HHTabListTabsView.m */,
				AF9A359C16F049D000087761 /* list-landscape.png */,
				AF9A359D16F049D000087761 /* list-landscape@2x.png */,
				AF9A359E16F049D000087761 /* list.png */,
				AF9A359F16F049D000087761 /* list.psd */,
				AF9A35A016F049D000087761 /* list@2x.png */,
				AF9A35A116F049D000087761 /* list@2x.psd */,
			);
			name = HHTabList;
			sourceTree = "<group>";
		};
		AF9A35B216F04BDA00087761 /* ViewController */ = {
			isa = PBXGroup;
			children = (
				AF9A35AF16F04BCF00087761 /* ViewController.xib */,
				AF9A35AC16F04A3600087761 /* ViewController.h */,
				AF9A35AD16F04A3600087761 /* ViewController.m */,
			);
			name = ViewController;
			sourceTree = "<group>";
		};
/* End PBXGroup section */

/* Begin PBXNativeTarget section */
		AF9A355816F01ECD00087761 /* KT-Group-Local-iOS */ = {
			isa = PBXNativeTarget;
			buildConfigurationList = AF9A358B16F01ECD00087761 /* Build configuration list for PBXNativeTarget "KT-Group-Local-iOS" */;
			buildPhases = (
				AF9A355516F01ECD00087761 /* Sources */,
				AF9A355616F01ECD00087761 /* Frameworks */,
				AF9A355716F01ECD00087761 /* Resources */,
			);
			buildRules = (
			);
			dependencies = (
			);
			name = "KT-Group-Local-iOS";
			productName = "KT-Group-Local-iOS";
			productReference = AF9A355916F01ECD00087761 /* KT-Group-Local-iOS.app */;
			productType = "com.apple.product-type.application";
		};
		AF9A357816F01ECD00087761 /* KT-Group-Local-iOSTests */ = {
			isa = PBXNativeTarget;
			buildConfigurationList = AF9A358E16F01ECD00087761 /* Build configuration list for PBXNativeTarget "KT-Group-Local-iOSTests" */;
			buildPhases = (
				AF9A357416F01ECD00087761 /* Sources */,
				AF9A357516F01ECD00087761 /* Frameworks */,
				AF9A357616F01ECD00087761 /* Resources */,
				AF9A357716F01ECD00087761 /* ShellScript */,
			);
			buildRules = (
			);
			dependencies = (
				AF9A357F16F01ECD00087761 /* PBXTargetDependency */,
			);
			name = "KT-Group-Local-iOSTests";
			productName = "KT-Group-Local-iOSTests";
			productReference = AF9A357916F01ECD00087761 /* KT-Group-Local-iOSTests.octest */;
			productType = "com.apple.product-type.bundle";
		};
/* End PBXNativeTarget section */

/* Begin PBXProject section */
		AF9A355116F01ECD00087761 /* Project object */ = {
			isa = PBXProject;
			attributes = {
				LastUpgradeCheck = 0460;
				ORGANIZATIONNAME = KT;
			};
			buildConfigurationList = AF9A355416F01ECD00087761 /* Build configuration list for PBXProject "KT-Group-Local-iOS" */;
			compatibilityVersion = "Xcode 3.2";
			developmentRegion = English;
			hasScannedForEncodings = 0;
			knownRegions = (
				en,
			);
			mainGroup = AF9A355016F01ECD00087761;
			productRefGroup = AF9A355A16F01ECD00087761 /* Products */;
			projectDirPath = "";
			projectRoot = "";
			targets = (
				AF9A355816F01ECD00087761 /* KT-Group-Local-iOS */,
				AF9A357816F01ECD00087761 /* KT-Group-Local-iOSTests */,
			);
		};
/* End PBXProject section */

/* Begin PBXResourcesBuildPhase section */
		AF9A355716F01ECD00087761 /* Resources */ = {
			isa = PBXResourcesBuildPhase;
			buildActionMask = 2147483647;
			files = (
				AF9A356716F01ECD00087761 /* InfoPlist.strings in Resources */,
				AF9A356F16F01ECD00087761 /* Default.png in Resources */,
				AF9A357116F01ECD00087761 /* Default@2x.png in Resources */,
				AF9A357316F01ECD00087761 /* Default-568h@2x.png in Resources */,
				AF9A35A616F049D000087761 /* list-landscape.png in Resources */,
				AF9A35A716F049D000087761 /* list-landscape@2x.png in Resources */,
				AF9A35A816F049D000087761 /* list.png in Resources */,
				AF9A35A916F049D000087761 /* list.psd in Resources */,
				AF9A35AA16F049D000087761 /* list@2x.png in Resources */,
				AF9A35AB16F049D000087761 /* list@2x.psd in Resources */,
				AF9A35B116F04BCF00087761 /* ViewController.xib in Resources */,
			);
			runOnlyForDeploymentPostprocessing = 0;
		};
		AF9A357616F01ECD00087761 /* Resources */ = {
			isa = PBXResourcesBuildPhase;
			buildActionMask = 2147483647;
			files = (
				AF9A358516F01ECD00087761 /* InfoPlist.strings in Resources */,
			);
			runOnlyForDeploymentPostprocessing = 0;
		};
/* End PBXResourcesBuildPhase section */

/* Begin PBXShellScriptBuildPhase section */
		AF9A357716F01ECD00087761 /* ShellScript */ = {
			isa = PBXShellScriptBuildPhase;
			buildActionMask = 2147483647;
			files = (
			);
			inputPaths = (
			);
			outputPaths = (
			);
			runOnlyForDeploymentPostprocessing = 0;
			shellPath = /bin/sh;
			shellScript = "# Run the unit tests in this test bundle.\n\"${SYSTEM_DEVELOPER_DIR}/Tools/RunUnitTests\"\n";
		};
/* End PBXShellScriptBuildPhase section */

/* Begin PBXSourcesBuildPhase section */
		AF9A355516F01ECD00087761 /* Sources */ = {
			isa = PBXSourcesBuildPhase;
			buildActionMask = 2147483647;
			files = (
				AF9A356916F01ECD00087761 /* main.m in Sources */,
				AF9A356D16F01ECD00087761 /* AppDelegate.m in Sources */,
				AF9A35A216F049D000087761 /* HHTabListCell.m in Sources */,
				AF9A35A316F049D000087761 /* HHTabListContainerView.m in Sources */,
				AF9A35A416F049D000087761 /* HHTabListController.m in Sources */,
				AF9A35A516F049D000087761 /* HHTabListTabsView.m in Sources */,
				AF9A35AE16F04A3600087761 /* ViewController.m in Sources */,
			);
			runOnlyForDeploymentPostprocessing = 0;
		};
		AF9A357416F01ECD00087761 /* Sources */ = {
			isa = PBXSourcesBuildPhase;
			buildActionMask = 2147483647;
			files = (
				AF9A358816F01ECD00087761 /* KT_Group_Local_iOSTests.m in Sources */,
			);
			runOnlyForDeploymentPostprocessing = 0;
		};
/* End PBXSourcesBuildPhase section */

/* Begin PBXTargetDependency section */
		AF9A357F16F01ECD00087761 /* PBXTargetDependency */ = {
			isa = PBXTargetDependency;
			target = AF9A355816F01ECD00087761 /* KT-Group-Local-iOS */;
			targetProxy = AF9A357E16F01ECD00087761 /* PBXContainerItemProxy */;
		};
/* End PBXTargetDependency section */

/* Begin PBXVariantGroup section */
		AF9A356516F01ECD00087761 /* InfoPlist.strings */ = {
			isa = PBXVariantGroup;
			children = (
				AF9A356616F01ECD00087761 /* en */,
			);
			name = InfoPlist.strings;
			sourceTree = "<group>";
		};
		AF9A358316F01ECD00087761 /* InfoPlist.strings */ = {
			isa = PBXVariantGroup;
			children = (
				AF9A358416F01ECD00087761 /* en */,
			);
			name = InfoPlist.strings;
			sourceTree = "<group>";
		};
		AF9A35AF16F04BCF00087761 /* ViewController.xib */ = {
			isa = PBXVariantGroup;
			children = (
				AF9A35B016F04BCF00087761 /* en */,
			);
			name = ViewController.xib;
			sourceTree = "<group>";
		};
/* End PBXVariantGroup section */

/* Begin XCBuildConfiguration section */
		AF9A358916F01ECD00087761 /* Debug */ = {
			isa = XCBuildConfiguration;
			buildSettings = {
				ALWAYS_SEARCH_USER_PATHS = NO;
				CLANG_CXX_LANGUAGE_STANDARD = "gnu++0x";
				CLANG_CXX_LIBRARY = "libc++";
				CLANG_ENABLE_OBJC_ARC = YES;
				CLANG_WARN_CONSTANT_CONVERSION = YES;
				CLANG_WARN_EMPTY_BODY = YES;
				CLANG_WARN_ENUM_CONVERSION = YES;
				CLANG_WARN_INT_CONVERSION = YES;
				CLANG_WARN__DUPLICATE_METHOD_MATCH = YES;
				"CODE_SIGN_IDENTITY[sdk=iphoneos*]" = "iPhone Developer";
				COPY_PHASE_STRIP = NO;
				GCC_C_LANGUAGE_STANDARD = gnu99;
				GCC_DYNAMIC_NO_PIC = NO;
				GCC_OPTIMIZATION_LEVEL = 0;
				GCC_PREPROCESSOR_DEFINITIONS = (
					"DEBUG=1",
					"$(inherited)",
				);
				GCC_SYMBOLS_PRIVATE_EXTERN = NO;
				GCC_WARN_ABOUT_RETURN_TYPE = YES;
				GCC_WARN_UNINITIALIZED_AUTOS = YES;
				GCC_WARN_UNUSED_VARIABLE = YES;
				IPHONEOS_DEPLOYMENT_TARGET = 6.1;
				ONLY_ACTIVE_ARCH = YES;
				SDKROOT = iphoneos;
			};
			name = Debug;
		};
		AF9A358A16F01ECD00087761 /* Release */ = {
			isa = XCBuildConfiguration;
			buildSettings = {
				ALWAYS_SEARCH_USER_PATHS = NO;
				CLANG_CXX_LANGUAGE_STANDARD = "gnu++0x";
				CLANG_CXX_LIBRARY = "libc++";
				CLANG_ENABLE_OBJC_ARC = YES;
				CLANG_WARN_CONSTANT_CONVERSION = YES;
				CLANG_WARN_EMPTY_BODY = YES;
				CLANG_WARN_ENUM_CONVERSION = YES;
				CLANG_WARN_INT_CONVERSION = YES;
				CLANG_WARN__DUPLICATE_METHOD_MATCH = YES;
				"CODE_SIGN_IDENTITY[sdk=iphoneos*]" = "iPhone Developer";
				COPY_PHASE_STRIP = YES;
				GCC_C_LANGUAGE_STANDARD = gnu99;
				GCC_WARN_ABOUT_RETURN_TYPE = YES;
				GCC_WARN_UNINITIALIZED_AUTOS = YES;
				GCC_WARN_UNUSED_VARIABLE = YES;
				IPHONEOS_DEPLOYMENT_TARGET = 6.1;
				OTHER_CFLAGS = "-DNS_BLOCK_ASSERTIONS=1";
				SDKROOT = iphoneos;
				VALIDATE_PRODUCT = YES;
			};
			name = Release;
		};
		AF9A358C16F01ECD00087761 /* Debug */ = {
			isa = XCBuildConfiguration;
			buildSettings = {
				CODE_SIGN_IDENTITY = "iPhone Developer: Myungjin Choi (Q4L2YCHP7Y)";
				"CODE_SIGN_IDENTITY[sdk=iphoneos*]" = "iPhone Developer: Myungjin Choi (Q4L2YCHP7Y)";
				GCC_PRECOMPILE_PREFIX_HEADER = YES;
				GCC_PREFIX_HEADER = "KT-Group-Local-iOS/KT-Group-Local-iOS-Prefix.pch";
				INFOPLIST_FILE = "KT-Group-Local-iOS/KT-Group-Local-iOS-Info.plist";
				IPHONEOS_DEPLOYMENT_TARGET = 5.0;
				PRODUCT_NAME = "$(TARGET_NAME)";
				PROVISIONING_PROFILE = "596CE99F-5168-44C4-A3F1-C2CE2EE14D16";
				"PROVISIONING_PROFILE[sdk=iphoneos*]" = "596CE99F-5168-44C4-A3F1-C2CE2EE14D16";
				WRAPPER_EXTENSION = app;
			};
			name = Debug;
		};
		AF9A358D16F01ECD00087761 /* Release */ = {
			isa = XCBuildConfiguration;
			buildSettings = {
				CODE_SIGN_IDENTITY = "iPhone Distribution: KT Hitel Co., Ltd.";
				"CODE_SIGN_IDENTITY[sdk=iphoneos*]" = "iPhone Distribution: KT Hitel Co., Ltd.";
				GCC_PRECOMPILE_PREFIX_HEADER = YES;
				GCC_PREFIX_HEADER = "KT-Group-Local-iOS/KT-Group-Local-iOS-Prefix.pch";
				INFOPLIST_FILE = "KT-Group-Local-iOS/KT-Group-Local-iOS-Info.plist";
				IPHONEOS_DEPLOYMENT_TARGET = 5.0;
				PRODUCT_NAME = "$(TARGET_NAME)";
				PROVISIONING_PROFILE = "FC9133B1-459C-48F6-A528-81F35B0B6466";
				"PROVISIONING_PROFILE[sdk=iphoneos*]" = "FC9133B1-459C-48F6-A528-81F35B0B6466";
				WRAPPER_EXTENSION = app;
			};
			name = Release;
		};
		AF9A358F16F01ECD00087761 /* Debug */ = {
			isa = XCBuildConfiguration;
			buildSettings = {
				BUNDLE_LOADER = "$(BUILT_PRODUCTS_DIR)/KT-Group-Local-iOS.app/KT-Group-Local-iOS";
				FRAMEWORK_SEARCH_PATHS = (
					"\"$(SDKROOT)/Developer/Library/Frameworks\"",
					"\"$(DEVELOPER_LIBRARY_DIR)/Frameworks\"",
				);
				GCC_PRECOMPILE_PREFIX_HEADER = YES;
				GCC_PREFIX_HEADER = "KT-Group-Local-iOS/KT-Group-Local-iOS-Prefix.pch";
				INFOPLIST_FILE = "KT-Group-Local-iOSTests/KT-Group-Local-iOSTests-Info.plist";
				PRODUCT_NAME = "$(TARGET_NAME)";
				TEST_HOST = "$(BUNDLE_LOADER)";
				WRAPPER_EXTENSION = octest;
			};
			name = Debug;
		};
		AF9A359016F01ECD00087761 /* Release */ = {
			isa = XCBuildConfiguration;
			buildSettings = {
				BUNDLE_LOADER = "$(BUILT_PRODUCTS_DIR)/KT-Group-Local-iOS.app/KT-Group-Local-iOS";
				FRAMEWORK_SEARCH_PATHS = (
					"\"$(SDKROOT)/Developer/Library/Frameworks\"",
					"\"$(DEVELOPER_LIBRARY_DIR)/Frameworks\"",
				);
				GCC_PRECOMPILE_PREFIX_HEADER = YES;
				GCC_PREFIX_HEADER = "KT-Group-Local-iOS/KT-Group-Local-iOS-Prefix.pch";
				INFOPLIST_FILE = "KT-Group-Local-iOSTests/KT-Group-Local-iOSTests-Info.plist";
				PRODUCT_NAME = "$(TARGET_NAME)";
				TEST_HOST = "$(BUNDLE_LOADER)";
				WRAPPER_EXTENSION = octest;
			};
			name = Release;
		};
/* End XCBuildConfiguration section */

/* Begin XCConfigurationList section */
		AF9A355416F01ECD00087761 /* Build configuration list for PBXProject "KT-Group-Local-iOS" */ = {
			isa = XCConfigurationList;
			buildConfigurations = (
				AF9A358916F01ECD00087761 /* Debug */,
				AF9A358A16F01ECD00087761 /* Release */,
			);
			defaultConfigurationIsVisible = 0;
			defaultConfigurationName = Release;
		};
		AF9A358B16F01ECD00087761 /* Build configuration list for PBXNativeTarget "KT-Group-Local-iOS" */ = {
			isa = XCConfigurationList;
			buildConfigurations = (
				AF9A358C16F01ECD00087761 /* Debug */,
				AF9A358D16F01ECD00087761 /* Release */,
			);
			defaultConfigurationIsVisible = 0;
			defaultConfigurationName = Release;
		};
		AF9A358E16F01ECD00087761 /* Build configuration list for PBXNativeTarget "KT-Group-Local-iOSTests" */ = {
			isa = XCConfigurationList;
			buildConfigurations = (
				AF9A358F16F01ECD00087761 /* Debug */,
				AF9A359016F01ECD00087761 /* Release */,
			);
			defaultConfigurationIsVisible = 0;
			defaultConfigurationName = Release;
		};
/* End XCConfigurationList section */
	};
	rootObject = AF9A355116F01ECD00087761 /* Project object */;
}
